
Microsoft Visual Studio Solution File, Format Version 12.00
# Visual Studio Version 16
VisualStudioVersion = 16.0.31410.357
MinimumVisualStudioVersion = 10.0.40219.1
Project("{FAE04EC0-301F-11D3-BF4B-00C04F79EFBC}") = "WebApplication1", "WebApplication1\WebApplication1.csproj", "{6901163C-4238-4619-96AC-A636AB2B51BA}"
EndProject
Global
	GlobalSection(SolutionConfigurationPlatforms) = preSolution
		Debug|Any CPU = Debug|Any CPU
		Release|Any CPU = Release|Any CPU
	EndGlobalSection
	GlobalSection(ProjectConfigurationPlatforms) = postSolution
		{6901163C-4238-4619-96AC-A636AB2B51BA}.Debug|Any CPU.ActiveCfg = Debug|Any CPU
		{6901163C-4238-4619-96AC-A636AB2B51BA}.Debug|Any CPU.Build.0 = Debug|Any CPU
		{6901163C-4238-4619-96AC-A636AB2B51BA}.Release|Any CPU.ActiveCfg = Release|Any CPU
		{6901163C-4238-4619-96AC-A636AB2B51BA}.Release|Any CPU.Build.0 = Release|Any CPU
	EndGlobalSection
	GlobalSection(SolutionProperties) = preSolution
		HideSolutionNode = FALSE
	EndGlobalSection
	GlobalSection(ExtensibilityGlobals) = postSolution
		SolutionGuid = {BA4E477F-9BA8-404E-BF1C-21933F92708D}
	EndGlobalSection
EndGlobal
